
Microsoft Visual Studio Solution File, Format Version 12.00
# Visual Studio Version 17
VisualStudioVersion = 17.9.34728.123
MinimumVisualStudioVersion = 10.0.40219.1
Project("{9A19103F-16F7-4668-BE54-9A1E7A4F7556}") = "Dungeon_Dashboard", "Dungeon_Dashboard\Dungeon_Dashboard.csproj", "{3D5D2454-958E-492B-A21D-1A0360F9C9A8}"
EndProject
Project("{2150E333-8FDC-42A3-9474-1A3956D46DE8}") = "Solution Items", "Solution Items", "{622FF429-F54B-439D-9274-5691FB3B1BE9}"
	ProjectSection(SolutionItems) = preProject
		.editorconfig = .editorconfig
	EndProjectSection
EndProject
Project("{9A19103F-16F7-4668-BE54-9A1E7A4F7556}") = "Dungeon_DashboardTests", "Dungeon_DashboardTests\Dungeon_DashboardTests.csproj", "{26692CAC-7C4F-4625-9A15-20435678FDF0}"
EndProject
Global
	GlobalSection(SolutionConfigurationPlatforms) = preSolution
		Debug|Any CPU = Debug|Any CPU
		Release|Any CPU = Release|Any CPU
	EndGlobalSection
	GlobalSection(ProjectConfigurationPlatforms) = postSolution
		{3D5D2454-958E-492B-A21D-1A0360F9C9A8}.Debug|Any CPU.ActiveCfg = Debug|Any CPU
		{3D5D2454-958E-492B-A21D-1A0360F9C9A8}.Debug|Any CPU.Build.0 = Debug|Any CPU
		{3D5D2454-958E-492B-A21D-1A0360F9C9A8}.Release|Any CPU.ActiveCfg = Release|Any CPU
		{3D5D2454-958E-492B-A21D-1A0360F9C9A8}.Release|Any CPU.Build.0 = Release|Any CPU
		{26692CAC-7C4F-4625-9A15-20435678FDF0}.Debug|Any CPU.ActiveCfg = Debug|Any CPU
		{26692CAC-7C4F-4625-9A15-20435678FDF0}.Debug|Any CPU.Build.0 = Debug|Any CPU
		{26692CAC-7C4F-4625-9A15-20435678FDF0}.Release|Any CPU.ActiveCfg = Release|Any CPU
		{26692CAC-7C4F-4625-9A15-20435678FDF0}.Release|Any CPU.Build.0 = Release|Any CPU
	EndGlobalSection
	GlobalSection(SolutionProperties) = preSolution
		HideSolutionNode = FALSE
	EndGlobalSection
	GlobalSection(ExtensibilityGlobals) = postSolution
		SolutionGuid = {9D50A645-341C-4EA2-96A5-8D669BFF8F54}
	EndGlobalSection
EndGlobal
